
Microsoft Visual Studio Solution File, Format Version 12.00
# Visual Studio Version 17
VisualStudioVersion = 17.0.32014.148
MinimumVisualStudioVersion = 10.0.40219.1
Project("{2150E333-8FDC-42A3-9474-1A3956D46DE8}") = "src", "src", "{32732DB8-4845-4B24-8796-976E902C452D}"
EndProject
Project("{2150E333-8FDC-42A3-9474-1A3956D46DE8}") = "Endpoint", "Endpoint", "{D8914DC0-7540-41B9-8793-FB173F11DF9F}"
EndProject
Project("{9A19103F-16F7-4668-BE54-9A1E7A4F7556}") = "OnShop.Web", "OnShop.Web\OnShop.Web.csproj", "{F531F2E0-E504-449B-8871-75AA84A7C1F3}"
EndProject
Project("{2150E333-8FDC-42A3-9474-1A3956D46DE8}") = "test", "test", "{FF7B2B2B-E04D-4C6E-8A5D-A9E99CBCD689}"
EndProject
Project("{2150E333-8FDC-42A3-9474-1A3956D46DE8}") = "Core", "Core", "{D625362F-3D8D-4F4C-A17B-44615D6F5128}"
EndProject
Project("{2150E333-8FDC-42A3-9474-1A3956D46DE8}") = "Framework", "Framework", "{0F8BD708-74C1-46F3-A0DE-9B66558C1BD7}"
EndProject
Project("{2150E333-8FDC-42A3-9474-1A3956D46DE8}") = "Infrastructure", "Infrastructure", "{7705FC7A-C456-4D8E-A7E5-0CF9C9234CCF}"
EndProject
Project("{9A19103F-16F7-4668-BE54-9A1E7A4F7556}") = "OnShop.Domain", "OnShop.Domain\OnShop.Domain.csproj", "{7BE2AE87-8452-4910-B4A2-0FBAF87D0402}"
EndProject
Project("{9A19103F-16F7-4668-BE54-9A1E7A4F7556}") = "OnShop.Resources", "OnShop.Resources\OnShop.Resources.csproj", "{D69696D6-6003-417B-B10E-965DAFF40AAE}"
EndProject
Project("{9A19103F-16F7-4668-BE54-9A1E7A4F7556}") = "OnShop.Framework", "OnShop.Framework\OnShop.Framework.csproj", "{81996471-175C-4F30-8FAB-5505A4B7E80A}"
EndProject
Project("{9A19103F-16F7-4668-BE54-9A1E7A4F7556}") = "OnShop.DAL", "OnShop.DAL\OnShop.DAL.csproj", "{C660E358-8617-4027-8132-727C0EF01D33}"
EndProject
Project("{9A19103F-16F7-4668-BE54-9A1E7A4F7556}") = "OnShop.ApplicationServices", "OnShop.Core\OnShop.ApplicationServices.csproj", "{7ADCC3F3-3037-4282-905C-B2F2415E4C54}"
EndProject
Global
	GlobalSection(SolutionConfigurationPlatforms) = preSolution
		Debug|Any CPU = Debug|Any CPU
		Release|Any CPU = Release|Any CPU
	EndGlobalSection
	GlobalSection(ProjectConfigurationPlatforms) = postSolution
		{F531F2E0-E504-449B-8871-75AA84A7C1F3}.Debug|Any CPU.ActiveCfg = Debug|Any CPU
		{F531F2E0-E504-449B-8871-75AA84A7C1F3}.Debug|Any CPU.Build.0 = Debug|Any CPU
		{F531F2E0-E504-449B-8871-75AA84A7C1F3}.Release|Any CPU.ActiveCfg = Release|Any CPU
		{F531F2E0-E504-449B-8871-75AA84A7C1F3}.Release|Any CPU.Build.0 = Release|Any CPU
		{7BE2AE87-8452-4910-B4A2-0FBAF87D0402}.Debug|Any CPU.ActiveCfg = Debug|Any CPU
		{7BE2AE87-8452-4910-B4A2-0FBAF87D0402}.Debug|Any CPU.Build.0 = Debug|Any CPU
		{7BE2AE87-8452-4910-B4A2-0FBAF87D0402}.Release|Any CPU.ActiveCfg = Release|Any CPU
		{7BE2AE87-8452-4910-B4A2-0FBAF87D0402}.Release|Any CPU.Build.0 = Release|Any CPU
		{D69696D6-6003-417B-B10E-965DAFF40AAE}.Debug|Any CPU.ActiveCfg = Debug|Any CPU
		{D69696D6-6003-417B-B10E-965DAFF40AAE}.Debug|Any CPU.Build.0 = Debug|Any CPU
		{D69696D6-6003-417B-B10E-965DAFF40AAE}.Release|Any CPU.ActiveCfg = Release|Any CPU
		{D69696D6-6003-417B-B10E-965DAFF40AAE}.Release|Any CPU.Build.0 = Release|Any CPU
		{81996471-175C-4F30-8FAB-5505A4B7E80A}.Debug|Any CPU.ActiveCfg = Debug|Any CPU
		{81996471-175C-4F30-8FAB-5505A4B7E80A}.Debug|Any CPU.Build.0 = Debug|Any CPU
		{81996471-175C-4F30-8FAB-5505A4B7E80A}.Release|Any CPU.ActiveCfg = Release|Any CPU
		{81996471-175C-4F30-8FAB-5505A4B7E80A}.Release|Any CPU.Build.0 = Release|Any CPU
		{C660E358-8617-4027-8132-727C0EF01D33}.Debug|Any CPU.ActiveCfg = Debug|Any CPU
		{C660E358-8617-4027-8132-727C0EF01D33}.Debug|Any CPU.Build.0 = Debug|Any CPU
		{C660E358-8617-4027-8132-727C0EF01D33}.Release|Any CPU.ActiveCfg = Release|Any CPU
		{C660E358-8617-4027-8132-727C0EF01D33}.Release|Any CPU.Build.0 = Release|Any CPU
		{7ADCC3F3-3037-4282-905C-B2F2415E4C54}.Debug|Any CPU.ActiveCfg = Debug|Any CPU
		{7ADCC3F3-3037-4282-905C-B2F2415E4C54}.Debug|Any CPU.Build.0 = Debug|Any CPU
		{7ADCC3F3-3037-4282-905C-B2F2415E4C54}.Release|Any CPU.ActiveCfg = Release|Any CPU
		{7ADCC3F3-3037-4282-905C-B2F2415E4C54}.Release|Any CPU.Build.0 = Release|Any CPU
	EndGlobalSection
	GlobalSection(SolutionProperties) = preSolution
		HideSolutionNode = FALSE
	EndGlobalSection
	GlobalSection(NestedProjects) = preSolution
		{D8914DC0-7540-41B9-8793-FB173F11DF9F} = {32732DB8-4845-4B24-8796-976E902C452D}
		{F531F2E0-E504-449B-8871-75AA84A7C1F3} = {D8914DC0-7540-41B9-8793-FB173F11DF9F}
		{D625362F-3D8D-4F4C-A17B-44615D6F5128} = {32732DB8-4845-4B24-8796-976E902C452D}
		{0F8BD708-74C1-46F3-A0DE-9B66558C1BD7} = {32732DB8-4845-4B24-8796-976E902C452D}
		{7705FC7A-C456-4D8E-A7E5-0CF9C9234CCF} = {32732DB8-4845-4B24-8796-976E902C452D}
		{7BE2AE87-8452-4910-B4A2-0FBAF87D0402} = {D625362F-3D8D-4F4C-A17B-44615D6F5128}
		{D69696D6-6003-417B-B10E-965DAFF40AAE} = {D625362F-3D8D-4F4C-A17B-44615D6F5128}
		{81996471-175C-4F30-8FAB-5505A4B7E80A} = {0F8BD708-74C1-46F3-A0DE-9B66558C1BD7}
		{C660E358-8617-4027-8132-727C0EF01D33} = {7705FC7A-C456-4D8E-A7E5-0CF9C9234CCF}
		{7ADCC3F3-3037-4282-905C-B2F2415E4C54} = {D625362F-3D8D-4F4C-A17B-44615D6F5128}
	EndGlobalSection
	GlobalSection(ExtensibilityGlobals) = postSolution
		SolutionGuid = {1C19DD95-89E2-4C49-872C-33B6B1EEB588}
	EndGlobalSection
EndGlobal
